PODS:
  - IQKeyboardManagerSwift (6.5.5)
  - MBProgressHUD (1.2.0)
  - MOLH (1.4)
  - ReachabilitySwift (5.0.0)
  - SDWebImage (5.8.0):
    - SDWebImage/Core (= 5.8.0)
  - SDWebImage/Core (5.8.0)

DEPENDENCIES:
  - IQKeyboardManagerSwift
  - MBProgressHUD
  - MOLH
  - ReachabilitySwift
  - SDWebImage

SPEC REPOS:
  https://github.com/cocoapods/specs.git:
    - IQKeyboardManagerSwift
    - MBProgressHUD
    - MOLH
    - ReachabilitySwift
    - SDWebImage

SPEC CHECKSUMS:
  IQKeyboardManagerSwift: 0fb93310284665245591f50f7a5e38de615960b7
  MBProgressHUD: 3ee5efcc380f6a79a7cc9b363dd669c5e1ae7406
  MOLH: aa0e014aaf3e2a1c5a776bdc55fcd50a86ff78df
  ReachabilitySwift: 985039c6f7b23a1da463388634119492ff86c825
  SDWebImage: 84000f962cbfa70c07f19d2234cbfcf5d779b5dc

PODFILE CHECKSUM: 11f3c0d77afc9a6c7475a46973841df78b90002c

COCOAPODS: 1.6.1
